Microsoft Visual Studio Solution File, Format Version 12.00
# Visual Studio Version 17
VisualStudioVersion = 17.5.2.0
MinimumVisualStudioVersion = 10.0.40219.1
Project("{FAE04EC0-301F-11D3-BF4B-00C04F79EFBC}") = "DigiBlock", "DigiBlock.csproj", "{7F99BBB2-9B59-1D93-D369-E8C7F73F63BB}"
EndProject
Global
	GlobalSection(SolutionConfigurationPlatforms) = preSolution
		Debug|Any CPU = Debug|Any CPU
		Release|Any CPU = Release|Any CPU
	EndGlobalSection
	GlobalSection(ProjectConfigurationPlatforms) = postSolution
		{7F99BBB2-9B59-1D93-D369-E8C7F73F63BB}.Debug|Any CPU.ActiveCfg = Debug|Any CPU
		{7F99BBB2-9B59-1D93-D369-E8C7F73F63BB}.Debug|Any CPU.Build.0 = Debug|Any CPU
		{7F99BBB2-9B59-1D93-D369-E8C7F73F63BB}.Release|Any CPU.ActiveCfg = Release|Any CPU
		{7F99BBB2-9B59-1D93-D369-E8C7F73F63BB}.Release|Any CPU.Build.0 = Release|Any CPU
	EndGlobalSection
	GlobalSection(SolutionProperties) = preSolution
		HideSolutionNode = FALSE
	EndGlobalSection
	GlobalSection(ExtensibilityGlobals) = postSolution
		SolutionGuid = {D88831E1-3F94-4ACE-9D39-4183630B3656}
	EndGlobalSection
EndGlobal
